
Microsoft Visual Studio Solution File, Format Version 12.00
# Visual Studio Version 16
VisualStudioVersion = 16.0.31205.134
MinimumVisualStudioVersion = 10.0.40219.1
Project("{FAE04EC0-301F-11D3-BF4B-00C04F79EFBC}") = "BondGadgetCollection", "BondGadgetCollection.csproj", "{05A30141-C468-47CB-B1ED-DF6A0F5D0EE1}"
EndProject
Global
	GlobalSection(SolutionConfigurationPlatforms) = preSolution
		Debug|Any CPU = Debug|Any CPU
		Release|Any CPU = Release|Any CPU
	EndGlobalSection
	GlobalSection(ProjectConfigurationPlatforms) = postSolution
		{05A30141-C468-47CB-B1ED-DF6A0F5D0EE1}.Debug|Any CPU.ActiveCfg = Debug|Any CPU
		{05A30141-C468-47CB-B1ED-DF6A0F5D0EE1}.Debug|Any CPU.Build.0 = Debug|Any CPU
		{05A30141-C468-47CB-B1ED-DF6A0F5D0EE1}.Release|Any CPU.ActiveCfg = Release|Any CPU
		{05A30141-C468-47CB-B1ED-DF6A0F5D0EE1}.Release|Any CPU.Build.0 = Release|Any CPU
	EndGlobalSection
	GlobalSection(SolutionProperties) = preSolution
		HideSolutionNode = FALSE
	EndGlobalSection
	GlobalSection(ExtensibilityGlobals) = postSolution
		SolutionGuid = {6975BDF9-F146-4ABD-8B06-81EF1FB1F1CA}
	EndGlobalSection
EndGlobal
